
Microsoft Visual Studio Solution File, Format Version 12.00
# Visual Studio 15
VisualStudioVersion = 15.0.28307.421
MinimumVisualStudioVersion = 10.0.40219.1
Project("{FAE04EC0-301F-11D3-BF4B-00C04F79EFBC}") = "Notifications_SignalR", "Notifications_SignalR\Notifications_SignalR.csproj", "{D656717D-C6C8-40D9-BD6D-9632DA5CC1C6}"
EndProject
Global
	GlobalSection(SolutionConfigurationPlatforms) = preSolution
		Debug|Any CPU = Debug|Any CPU
		Release|Any CPU = Release|Any CPU
	EndGlobalSection
	GlobalSection(ProjectConfigurationPlatforms) = postSolution
		{D656717D-C6C8-40D9-BD6D-9632DA5CC1C6}.Debug|Any CPU.ActiveCfg = Debug|Any CPU
		{D656717D-C6C8-40D9-BD6D-9632DA5CC1C6}.Debug|Any CPU.Build.0 = Debug|Any CPU
		{D656717D-C6C8-40D9-BD6D-9632DA5CC1C6}.Release|Any CPU.ActiveCfg = Release|Any CPU
		{D656717D-C6C8-40D9-BD6D-9632DA5CC1C6}.Release|Any CPU.Build.0 = Release|Any CPU
	EndGlobalSection
	GlobalSection(SolutionProperties) = preSolution
		HideSolutionNode = FALSE
	EndGlobalSection
	GlobalSection(ExtensibilityGlobals) = postSolution
		SolutionGuid = {4CD74ADB-54C4-4AB1-849E-1A18B1F00E21}
	EndGlobalSection
EndGlobal
